
Microsoft Visual Studio Solution File, Format Version 12.00
# Visual Studio Version 17
VisualStudioVersion = 17.9.34723.18
MinimumVisualStudioVersion = 10.0.40219.1
Project("{FAE04EC0-301F-11D3-BF4B-00C04F79EFBC}") = "DineshKumar_CSharp101", "DineshKumar_CSharp101.csproj", "{DD5089E7-102A-4A1F-866A-D550B16F28B9}"
EndProject
Global
	GlobalSection(SolutionConfigurationPlatforms) = preSolution
		Debug|Any CPU = Debug|Any CPU
		Release|Any CPU = Release|Any CPU
	EndGlobalSection
	GlobalSection(ProjectConfigurationPlatforms) = postSolution
		{DD5089E7-102A-4A1F-866A-D550B16F28B9}.Debug|Any CPU.ActiveCfg = Debug|Any CPU
		{DD5089E7-102A-4A1F-866A-D550B16F28B9}.Debug|Any CPU.Build.0 = Debug|Any CPU
		{DD5089E7-102A-4A1F-866A-D550B16F28B9}.Release|Any CPU.ActiveCfg = Release|Any CPU
		{DD5089E7-102A-4A1F-866A-D550B16F28B9}.Release|Any CPU.Build.0 = Release|Any CPU
	EndGlobalSection
	GlobalSection(SolutionProperties) = preSolution
		HideSolutionNode = FALSE
	EndGlobalSection
	GlobalSection(ExtensibilityGlobals) = postSolution
		SolutionGuid = {CB187F43-619F-4B05-A289-6B93DAFE1994}
	EndGlobalSection
EndGlobal
