
Microsoft Visual Studio Solution File, Format Version 12.00
# Visual Studio Version 17
VisualStudioVersion = 17.9.34723.18
MinimumVisualStudioVersion = 10.0.40219.1
Project("{9A19103F-16F7-4668-BE54-9A1E7A4F7556}") = "ArrayTypes", "ArraysTypes\ArrayTypes.csproj", "{0A4D6BAC-E620-416E-BC45-54F497D0E6DA}"
EndProject
Project("{FAE04EC0-301F-11D3-BF4B-00C04F79EFBC}") = "CRUD-Operations", "CRUD-Operations\CRUD-Operations.csproj", "{488473CB-A5F2-4211-A40A-0D96798BE0F9}"
EndProject
Global
	GlobalSection(SolutionConfigurationPlatforms) = preSolution
		Debug|Any CPU = Debug|Any CPU
		Release|Any CPU = Release|Any CPU
	EndGlobalSection
	GlobalSection(ProjectConfigurationPlatforms) = postSolution
		{0A4D6BAC-E620-416E-BC45-54F497D0E6DA}.Debug|Any CPU.ActiveCfg = Debug|Any CPU
		{0A4D6BAC-E620-416E-BC45-54F497D0E6DA}.Debug|Any CPU.Build.0 = Debug|Any CPU
		{0A4D6BAC-E620-416E-BC45-54F497D0E6DA}.Release|Any CPU.ActiveCfg = Release|Any CPU
		{0A4D6BAC-E620-416E-BC45-54F497D0E6DA}.Release|Any CPU.Build.0 = Release|Any CPU
		{488473CB-A5F2-4211-A40A-0D96798BE0F9}.Debug|Any CPU.ActiveCfg = Debug|Any CPU
		{488473CB-A5F2-4211-A40A-0D96798BE0F9}.Debug|Any CPU.Build.0 = Debug|Any CPU
		{488473CB-A5F2-4211-A40A-0D96798BE0F9}.Release|Any CPU.ActiveCfg = Release|Any CPU
		{488473CB-A5F2-4211-A40A-0D96798BE0F9}.Release|Any CPU.Build.0 = Release|Any CPU
	EndGlobalSection
	GlobalSection(SolutionProperties) = preSolution
		HideSolutionNode = FALSE
	EndGlobalSection
	GlobalSection(ExtensibilityGlobals) = postSolution
		SolutionGuid = {CF31FAEA-2F9A-455F-9925-5AABAA394011}
	EndGlobalSection
EndGlobal
