
Microsoft Visual Studio Solution File, Format Version 12.00
# Visual Studio Version 17
VisualStudioVersion = 17.9.34723.18
MinimumVisualStudioVersion = 10.0.40219.1
Project("{FAE04EC0-301F-11D3-BF4B-00C04F79EFBC}") = "FlightProject", "FlightProject\FlightProject.csproj", "{48A7E7EE-EF8F-4128-8518-6AD205AAE407}"
EndProject
Global
	GlobalSection(SolutionConfigurationPlatforms) = preSolution
		Debug|Any CPU = Debug|Any CPU
		Release|Any CPU = Release|Any CPU
	EndGlobalSection
	GlobalSection(ProjectConfigurationPlatforms) = postSolution
		{48A7E7EE-EF8F-4128-8518-6AD205AAE407}.Debug|Any CPU.ActiveCfg = Debug|Any CPU
		{48A7E7EE-EF8F-4128-8518-6AD205AAE407}.Debug|Any CPU.Build.0 = Debug|Any CPU
		{48A7E7EE-EF8F-4128-8518-6AD205AAE407}.Release|Any CPU.ActiveCfg = Release|Any CPU
		{48A7E7EE-EF8F-4128-8518-6AD205AAE407}.Release|Any CPU.Build.0 = Release|Any CPU
	EndGlobalSection
	GlobalSection(SolutionProperties) = preSolution
		HideSolutionNode = FALSE
	EndGlobalSection
	GlobalSection(ExtensibilityGlobals) = postSolution
		SolutionGuid = {4726D864-1216-4FB3-9503-BC61B964D622}
	EndGlobalSection
EndGlobal
