
Microsoft Visual Studio Solution File, Format Version 12.00
# Visual Studio Version 17
VisualStudioVersion = 17.9.34723.18
MinimumVisualStudioVersion = 10.0.40219.1
Project("{FAE04EC0-301F-11D3-BF4B-00C04F79EFBC}") = "GenericCollections", "GenericCollections\GenericCollections.csproj", "{96C17FB5-AC66-4843-90D9-E964B1AD1C8D}"
EndProject
Global
	GlobalSection(SolutionConfigurationPlatforms) = preSolution
		Debug|Any CPU = Debug|Any CPU
		Release|Any CPU = Release|Any CPU
	EndGlobalSection
	GlobalSection(ProjectConfigurationPlatforms) = postSolution
		{96C17FB5-AC66-4843-90D9-E964B1AD1C8D}.Debug|Any CPU.ActiveCfg = Debug|Any CPU
		{96C17FB5-AC66-4843-90D9-E964B1AD1C8D}.Debug|Any CPU.Build.0 = Debug|Any CPU
		{96C17FB5-AC66-4843-90D9-E964B1AD1C8D}.Release|Any CPU.ActiveCfg = Release|Any CPU
		{96C17FB5-AC66-4843-90D9-E964B1AD1C8D}.Release|Any CPU.Build.0 = Release|Any CPU
	EndGlobalSection
	GlobalSection(SolutionProperties) = preSolution
		HideSolutionNode = FALSE
	EndGlobalSection
	GlobalSection(ExtensibilityGlobals) = postSolution
		SolutionGuid = {1DA56069-3E6D-4266-953B-920BC894CBAA}
	EndGlobalSection
EndGlobal
